
Microsoft Visual Studio Solution File, Format Version 12.00
# Visual Studio Version 17
VisualStudioVersion = 17.0.31410.414
MinimumVisualStudioVersion = 10.0.40219.1
Project("{FAE04EC0-301F-11D3-BF4B-00C04F79EFBC}") = "HelloWorld", "HelloWorld\HelloWorld.csproj", "{C26536E9-838E-49BA-B12A-DABA4B05FC5E}"
EndProject
Global
	GlobalSection(SolutionConfigurationPlatforms) = preSolution
		Debug|Any CPU = Debug|Any CPU
		Release|Any CPU = Release|Any CPU
	EndGlobalSection
	GlobalSection(ProjectConfigurationPlatforms) = postSolution
		{C26536E9-838E-49BA-B12A-DABA4B05FC5E}.Debug|Any CPU.ActiveCfg = Debug|Any CPU
		{C26536E9-838E-49BA-B12A-DABA4B05FC5E}.Debug|Any CPU.Build.0 = Debug|Any CPU
		{C26536E9-838E-49BA-B12A-DABA4B05FC5E}.Release|Any CPU.ActiveCfg = Release|Any CPU
		{C26536E9-838E-49BA-B12A-DABA4B05FC5E}.Release|Any CPU.Build.0 = Release|Any CPU
	EndGlobalSection
	GlobalSection(SolutionProperties) = preSolution
		HideSolutionNode = FALSE
	EndGlobalSection
	GlobalSection(ExtensibilityGlobals) = postSolution
		SolutionGuid = {612AE145-1F64-4C24-BE67-17B19955FED2}
	EndGlobalSection
EndGlobal
